
Microsoft Visual Studio Solution File, Format Version 12.00
# Visual Studio Version 16
VisualStudioVersion = 16.0.29926.136
MinimumVisualStudioVersion = 10.0.40219.1
Project("{FAE04EC0-301F-11D3-BF4B-00C04F79EFBC}") = "INS1105", "INS1105\INS1105.csproj", "{ECA82781-9702-4419-BD45-06C25B28FFB4}"
EndProject
Global
	GlobalSection(SolutionConfigurationPlatforms) = preSolution
		Debug|Any CPU = Debug|Any CPU
		Release|Any CPU = Release|Any CPU
	EndGlobalSection
	GlobalSection(ProjectConfigurationPlatforms) = postSolution
		{ECA82781-9702-4419-BD45-06C25B28FFB4}.Debug|Any CPU.ActiveCfg = Debug|Any CPU
		{ECA82781-9702-4419-BD45-06C25B28FFB4}.Debug|Any CPU.Build.0 = Debug|Any CPU
		{ECA82781-9702-4419-BD45-06C25B28FFB4}.Debug|Any CPU.Deploy.0 = Debug|Any CPU
		{ECA82781-9702-4419-BD45-06C25B28FFB4}.Release|Any CPU.ActiveCfg = Release|Any CPU
		{ECA82781-9702-4419-BD45-06C25B28FFB4}.Release|Any CPU.Build.0 = Release|Any CPU
		{ECA82781-9702-4419-BD45-06C25B28FFB4}.Release|Any CPU.Deploy.0 = Release|Any CPU
	EndGlobalSection
	GlobalSection(SolutionProperties) = preSolution
		HideSolutionNode = FALSE
	EndGlobalSection
	GlobalSection(ExtensibilityGlobals) = postSolution
		SolutionGuid = {B59AF27D-68BA-49D3-8275-F94EB8E9C89C}
	EndGlobalSection
EndGlobal
